dependencies:
  bblanchon/arduinojson:
    component_hash: 21b41e6cce335cefc142c457ceb50eb45621ff9ea6fd0a0ee349a642e48a47a3
    dependencies: []
    source:
      registry_url: https://components.espressif.com/
      type: service
    version: 7.3.0
  dannybackx/acmeclient:
    component_hash: 2ec76f70ab466a5203228ea231062410956c65eec553cf8fe7b2ea5182d664b5
    dependencies: []
    source:
      registry_url: https://components.espressif.com/
      type: service
    version: 0.1.0
  idf:
    source:
      type: idf
    version: 5.4.0
  jkent/frogfs:
    component_hash: ef31be508fb90146c0a4634a035e08840f1e22e05452dc14904072d6322d2089
    dependencies:
    - name: idf
      require: private
      version: '>=5.0.0'
    source:
      registry_url: https://components.espressif.com/
      type: service
    version: 5.3.0
  joltwallet/littlefs:
    component_hash: add3caf39a265868f70e55f17e8bfb401f200e45a601dc392832e7ac2c1487bc
    dependencies:
    - name: idf
      require: private
      version: '>=4.3'
    source:
      registry_url: https://components.espressif.com/
      type: service
    version: 1.16.4
  trombik/esp_wireguard:
    component_hash: 06b514516c241f27493b7589d3d4a79f424713609891168e4e65f529f1980922
    dependencies: []
    source:
      registry_url: https://components.espressif.com/
      type: service
    version: 0.9.0
direct_dependencies:
- bblanchon/arduinojson
- dannybackx/acmeclient
- idf
- jkent/frogfs
- joltwallet/littlefs
- trombik/esp_wireguard
manifest_hash: 049bdff36916609a159cbc75bce17d18c22780ee93d44ca7852261473d23327f
target: esp32s3
version: 2.0.0
